
Microsoft Visual Studio Solution File, Format Version 12.00
# Visual Studio Version 16
VisualStudioVersion = 16.0.31829.152
MinimumVisualStudioVersion = 10.0.40219.1
Project("{8BC9CEB8-8B4A-11D0-8D11-00A0C91BC942}") = "UnitTests", "UnitTests\UnitTests.vcxproj", "{B7404642-5A9A-488C-9F70-EB57231DB547}"
EndProject
Global
	GlobalSection(SolutionConfigurationPlatforms) = preSolution
		Debug|x64 = Debug|x64
		Debug|x86 = Debug|x86
		Release|x64 = Release|x64
		Release|x86 = Release|x86
	EndGlobalSection
	GlobalSection(ProjectConfigurationPlatforms) = postSolution
		{B7404642-5A9A-488C-9F70-EB57231DB547}.Debug|x64.ActiveCfg = Debug|x64
		{B7404642-5A9A-488C-9F70-EB57231DB547}.Debug|x64.Build.0 = Debug|x64
		{B7404642-5A9A-488C-9F70-EB57231DB547}.Debug|x86.ActiveCfg = Debug|Win32
		{B7404642-5A9A-488C-9F70-EB57231DB547}.Debug|x86.Build.0 = Debug|Win32
		{B7404642-5A9A-488C-9F70-EB57231DB547}.Release|x64.ActiveCfg = Release|x64
		{B7404642-5A9A-488C-9F70-EB57231DB547}.Release|x64.Build.0 = Release|x64
		{B7404642-5A9A-488C-9F70-EB57231DB547}.Release|x86.ActiveCfg = Release|Win32
		{B7404642-5A9A-488C-9F70-EB57231DB547}.Release|x86.Build.0 = Release|Win32
	EndGlobalSection
	GlobalSection(SolutionProperties) = preSolution
		HideSolutionNode = FALSE
	EndGlobalSection
	GlobalSection(ExtensibilityGlobals) = postSolution
		SolutionGuid = {FE660231-0D8F-4C0B-BC38-72607F23D17F}
	EndGlobalSection
EndGlobal
